
Microsoft Visual Studio Solution File, Format Version 12.00
# Visual Studio Version 17
VisualStudioVersion = 17.7.34221.43
MinimumVisualStudioVersion = 10.0.40219.1
Project("{9A19103F-16F7-4668-BE54-9A1E7A4F7556}") = "JWT.Auth.BlazorUI.Server", "JWT.Auth.BlazorUI\Server\JWT.Auth.BlazorUI.Server.csproj", "{3BA31B73-1914-416D-B4DC-61FE249C4EF0}"
EndProject
Project("{9A19103F-16F7-4668-BE54-9A1E7A4F7556}") = "JWT.Auth.BlazorUI.Client", "JWT.Auth.BlazorUI\Client\JWT.Auth.BlazorUI.Client.csproj", "{F96FE42C-10DE-4FA2-AC25-3E52241993EE}"
EndProject
Project("{9A19103F-16F7-4668-BE54-9A1E7A4F7556}") = "JWT.Auth.BlazorUI.Shared", "JWT.Auth.BlazorUI\Shared\JWT.Auth.BlazorUI.Shared.csproj", "{F1D6984B-7710-4CB5-858B-CFD31CD03CDD}"
EndProject
Global
	GlobalSection(SolutionConfigurationPlatforms) = preSolution
		Debug|Any CPU = Debug|Any CPU
		Release|Any CPU = Release|Any CPU
	EndGlobalSection
	GlobalSection(ProjectConfigurationPlatforms) = postSolution
		{3BA31B73-1914-416D-B4DC-61FE249C4EF0}.Debug|Any CPU.ActiveCfg = Debug|Any CPU
		{3BA31B73-1914-416D-B4DC-61FE249C4EF0}.Debug|Any CPU.Build.0 = Debug|Any CPU
		{3BA31B73-1914-416D-B4DC-61FE249C4EF0}.Release|Any CPU.ActiveCfg = Release|Any CPU
		{3BA31B73-1914-416D-B4DC-61FE249C4EF0}.Release|Any CPU.Build.0 = Release|Any CPU
		{F96FE42C-10DE-4FA2-AC25-3E52241993EE}.Debug|Any CPU.ActiveCfg = Debug|Any CPU
		{F96FE42C-10DE-4FA2-AC25-3E52241993EE}.Debug|Any CPU.Build.0 = Debug|Any CPU
		{F96FE42C-10DE-4FA2-AC25-3E52241993EE}.Release|Any CPU.ActiveCfg = Release|Any CPU
		{F96FE42C-10DE-4FA2-AC25-3E52241993EE}.Release|Any CPU.Build.0 = Release|Any CPU
		{F1D6984B-7710-4CB5-858B-CFD31CD03CDD}.Debug|Any CPU.ActiveCfg = Debug|Any CPU
		{F1D6984B-7710-4CB5-858B-CFD31CD03CDD}.Debug|Any CPU.Build.0 = Debug|Any CPU
		{F1D6984B-7710-4CB5-858B-CFD31CD03CDD}.Release|Any CPU.ActiveCfg = Release|Any CPU
		{F1D6984B-7710-4CB5-858B-CFD31CD03CDD}.Release|Any CPU.Build.0 = Release|Any CPU
	EndGlobalSection
	GlobalSection(SolutionProperties) = preSolution
		HideSolutionNode = FALSE
	EndGlobalSection
	GlobalSection(ExtensibilityGlobals) = postSolution
		SolutionGuid = {4B6039D5-539F-4640-B3B8-2C01DFE4F0F4}
	EndGlobalSection
EndGlobal
